// !$*UTF8*$!
{
	archiveVersion = 1;
	classes = {
	};
	objectVersion = 51;
	objects = {

/* Begin PBXBuildFile section */
		4A29A754B8779F0844122718 /* libPods-GraduationDesign.a in Frameworks */ = {isa = PBXBuildFile; fileRef = 24A973408DB8F2B63026B2FE /* libPods-GraduationDesign.a */; };
		5E11D3EF23E73D2F005EDF87 /* WFLiveViewController.m in Sources */ = {isa = PBXBuildFile; fileRef = 5E11D3EE23E73D2F005EDF87 /* WFLiveViewController.m */; };
		5E11D3F223E73E37005EDF87 /* WFLiveCollectionViewCell.m in Sources */ = {isa = PBXBuildFile; fileRef = 5E11D3F123E73E37005EDF87 /* WFLiveCollectionViewCell.m */; };
		5E1985932443BAE00047B76C /* WFHomeViewController.m in Sources */ = {isa = PBXBuildFile; fileRef = 5E1985922443BAE00047B76C /* WFHomeViewController.m */; };
		5E1985962443BC410047B76C /* WFVideoViewController.m in Sources */ = {isa = PBXBuildFile; fileRef = 5E1985952443BC410047B76C /* WFVideoViewController.m */; };
		5E1985992443BDE90047B76C /* WFShoppingCartViewController.m in Sources */ = {isa = PBXBuildFile; fileRef = 5E1985982443BDE90047B76C /* WFShoppingCartViewController.m */; };
		5E19859C2443CE000047B76C /* WFHomePageDataController.m in Sources */ = {isa = PBXBuildFile; fileRef = 5E19859B2443CE000047B76C /* WFHomePageDataController.m */; };
		5E1985A82444A9110047B76C /* WFResponseModel.m in Sources */ = {isa = PBXBuildFile; fileRef = 5E1985A72444A9110047B76C /* WFResponseModel.m */; };
		5E1985AE2444ADE20047B76C /* WFClothesModel.m in Sources */ = {isa = PBXBuildFile; fileRef = 5E1985AD2444ADE20047B76C /* WFClothesModel.m */; };
		5E1985B12444AE150047B76C /* WFRemarkModel.m in Sources */ = {isa = PBXBuildFile; fileRef = 5E1985B02444AE150047B76C /* WFRemarkModel.m */; };
		5E1985B42444AE400047B76C /* WFHomePageResponseModel.m in Sources */ = {isa = PBXBuildFile; fileRef = 5E1985B32444AE400047B76C /* WFHomePageResponseModel.m */; };
		5E1985BA2444EA7E0047B76C /* WFShoppingCartTableViewCell.m in Sources */ = {isa = PBXBuildFile; fileRef = 5E1985B92444EA7E0047B76C /* WFShoppingCartTableViewCell.m */; };
		5E1985BD2445B0050047B76C /* WFShoppingCartResponseModel.m in Sources */ = {isa = PBXBuildFile; fileRef = 5E1985BC2445B0050047B76C /* WFShoppingCartResponseModel.m */; };
		5E1985C12445B0550047B76C /* WFShoppingCartDataController.m in Sources */ = {isa = PBXBuildFile; fileRef = 5E1985C02445B0550047B76C /* WFShoppingCartDataController.m */; };
		5E1985C72445BB310047B76C /* WFDataController.m in Sources */ = {isa = PBXBuildFile; fileRef = 5E1985C62445BB310047B76C /* WFDataController.m */; };
		5E1985CA2445F3C40047B76C /* WFClothesAndNumModel.m in Sources */ = {isa = PBXBuildFile; fileRef = 5E1985C92445F3C40047B76C /* WFClothesAndNumModel.m */; };
		5E1985CD244656680047B76C /* WFMyHeaderCollectionReusableView.m in Sources */ = {isa = PBXBuildFile; fileRef = 5E1985CC244656680047B76C /* WFMyHeaderCollectionReusableView.m */; };
		5E1985D024465FDB0047B76C /* WFSettingViewController.m in Sources */ = {isa = PBXBuildFile; fileRef = 5E1985CF24465FDB0047B76C /* WFSettingViewController.m */; };
		5E1985D3244662500047B76C /* WFSettingTableViewCell.m in Sources */ = {isa = PBXBuildFile; fileRef = 5E1985D2244662500047B76C /* WFSettingTableViewCell.m */; };
		5E1985D6244666A30047B76C /* WFModifyPersonalInfoViewController.m in Sources */ = {isa = PBXBuildFile; fileRef = 5E1985D5244666A30047B76C /* WFModifyPersonalInfoViewController.m */; };
		5E1985D9244666C30047B76C /* WFChangePasswordViewController.m in Sources */ = {isa = PBXBuildFile; fileRef = 5E1985D8244666C30047B76C /* WFChangePasswordViewController.m */; };
		5E6EA6F223F53B04009C69EF /* WFWaterFallCollectionViewLayout.m in Sources */ = {isa = PBXBuildFile; fileRef = 5E6EA6F123F53B04009C69EF /* WFWaterFallCollectionViewLayout.m */; };
		5E703955242E8C3800792F4D /* WFSearchViewController.m in Sources */ = {isa = PBXBuildFile; fileRef = 5E703954242E8C3800792F4D /* WFSearchViewController.m */; };
		5E703958242E8C5500792F4D /* WFSearchSuggestionViewController.m in Sources */ = {isa = PBXBuildFile; fileRef = 5E703957242E8C5500792F4D /* WFSearchSuggestionViewController.m */; };
		5E70395B242E8E4400792F4D /* WFSearchResultViewController.m in Sources */ = {isa = PBXBuildFile; fileRef = 5E70395A242E8E4400792F4D /* WFSearchResultViewController.m */; };
		5E70395F242EA8F700792F4D /* WFSearchHistoryTableViewCell.m in Sources */ = {isa = PBXBuildFile; fileRef = 5E70395E242EA8F700792F4D /* WFSearchHistoryTableViewCell.m */; };
		5E703962242FE3D600792F4D /* WFShopCommonTableViewCell.m in Sources */ = {isa = PBXBuildFile; fileRef = 5E703961242FE3D600792F4D /* WFShopCommonTableViewCell.m */; };
		5E82F518243BC760009B9D5E /* WFCategoryCollectionViewCell.m in Sources */ = {isa = PBXBuildFile; fileRef = 5E82F517243BC760009B9D5E /* WFCategoryCollectionViewCell.m */; };
		5E988A5B23BDCCE900EECE9E /* AppDelegate.m in Sources */ = {isa = PBXBuildFile; fileRef = 5E988A5A23BDCCE900EECE9E /* AppDelegate.m */; };
		5E988A6623BDCCEC00EECE9E /* Assets.xcassets in Resources */ = {isa = PBXBuildFile; fileRef = 5E988A6523BDCCEC00EECE9E /* Assets.xcassets */; };
		5E988A6923BDCCEC00EECE9E /* LaunchScreen.storyboard in Resources */ = {isa = PBXBuildFile; fileRef = 5E988A6723BDCCEC00EECE9E /* LaunchScreen.storyboard */; };
		5E988A6C23BDCCEC00EECE9E /* main.m in Sources */ = {isa = PBXBuildFile; fileRef = 5E988A6B23BDCCEC00EECE9E /* main.m */; };
		5E988A7623BDCCED00EECE9E /* GraduationDesignTests.m in Sources */ = {isa = PBXBuildFile; fileRef = 5E988A7523BDCCED00EECE9E /* GraduationDesignTests.m */; };
		5E988A8123BDCCEE00EECE9E /* GraduationDesignUITests.m in Sources */ = {isa = PBXBuildFile; fileRef = 5E988A8023BDCCEE00EECE9E /* GraduationDesignUITests.m */; };
		5EAF42B4243D1F8500CB45CB /* WFOrderCollectionViewCell.m in Sources */ = {isa = PBXBuildFile; fileRef = 5EAF42B3243D1F8500CB45CB /* WFOrderCollectionViewCell.m */; };
		5EAF42B7243D287600CB45CB /* WFOrderViewController.m in Sources */ = {isa = PBXBuildFile; fileRef = 5EAF42B6243D287600CB45CB /* WFOrderViewController.m */; };
		5EC4EF7923E0E21C000E4314 /* WFUserModel.m in Sources */ = {isa = PBXBuildFile; fileRef = 5EC4EF7823E0E21B000E4314 /* WFUserModel.m */; };
		5EC4EF7F23E31B58000E4314 /* WFTabBarController.m in Sources */ = {isa = PBXBuildFile; fileRef = 5EC4EF7E23E31B58000E4314 /* WFTabBarController.m */; };
		5EC4EF8B23E32A8B000E4314 /* WFMyViewController.m in Sources */ = {isa = PBXBuildFile; fileRef = 5EC4EF8A23E32A8B000E4314 /* WFMyViewController.m */; };
		5EC4EF8E23E34D1B000E4314 /* WFTitleCollectionViewController.m in Sources */ = {isa = PBXBuildFile; fileRef = 5EC4EF8D23E34D1B000E4314 /* WFTitleCollectionViewController.m */; };
		5EC4EF9123E34D3D000E4314 /* WFContentCollectionViewController.m in Sources */ = {isa = PBXBuildFile; fileRef = 5EC4EF9023E34D3D000E4314 /* WFContentCollectionViewController.m */; };
		5EC4EF9523E359B0000E4314 /* WFTitleCollectionViewCell.m in Sources */ = {isa = PBXBuildFile; fileRef = 5EC4EF9423E359AF000E4314 /* WFTitleCollectionViewCell.m */; };
		5EC4EF9823E359BF000E4314 /* WFContentCollectionViewCell.m in Sources */ = {isa = PBXBuildFile; fileRef = 5EC4EF9723E359BF000E4314 /* WFContentCollectionViewCell.m */; };
		5ED48BD02408273A0099B105 /* WFShopAdvertisementSectionController.m in Sources */ = {isa = PBXBuildFile; fileRef = 5ED48BCF2408273A0099B105 /* WFShopAdvertisementSectionController.m */; };
		5ED48BD32408275A0099B105 /* WFShopCategorySectionController.m in Sources */ = {isa = PBXBuildFile; fileRef = 5ED48BD22408275A0099B105 /* WFShopCategorySectionController.m */; };
		5ED48BD6240827DF0099B105 /* WFHotSearchSectionController.m in Sources */ = {isa = PBXBuildFile; fileRef = 5ED48BD5240827DF0099B105 /* WFHotSearchSectionController.m */; };
		5ED48BDB240828E80099B105 /* WFGoodsTableViewCell.m in Sources */ = {isa = PBXBuildFile; fileRef = 5ED48BDA240828E80099B105 /* WFGoodsTableViewCell.m */; };
		5EF27B9423F4597D00E59F63 /* WFDiscoverViewController.m in Sources */ = {isa = PBXBuildFile; fileRef = 5EF27B9323F4597D00E59F63 /* WFDiscoverViewController.m */; };
/* End PBXBuildFile section */

/* Begin PBXContainerItemProxy section */
		5E988A7223BDCCED00EECE9E /* PBXContainerItemProxy */ = {
			isa = PBXContainerItemProxy;
			containerPortal = 5E988A4E23BDCCE800EECE9E /* Project object */;
			proxyType = 1;
			remoteGlobalIDString = 5E988A5523BDCCE900EECE9E;
			remoteInfo = GraduationDesign;
		};
		5E988A7D23BDCCEE00EECE9E /* PBXContainerItemProxy */ = {
			isa = PBXContainerItemProxy;
			containerPortal = 5E988A4E23BDCCE800EECE9E /* Project object */;
			proxyType = 1;
			remoteGlobalIDString = 5E988A5523BDCCE900EECE9E;
			remoteInfo = GraduationDesign;
		};
/* End PBXContainerItemProxy section */

/* Begin PBXFileReference section */
		24A6B0045E6AFBCD47DF1073 /* Pods-GraduationDesign.debug.xcconfig */ = {isa = PBXFileReference; includeInIndex = 1; lastKnownFileType = text.xcconfig; name = "Pods-GraduationDesign.debug.xcconfig"; path = "Target Support Files/Pods-GraduationDesign/Pods-GraduationDesign.debug.xcconfig"; sourceTree = "<group>"; };
		24A973408DB8F2B63026B2FE /* libPods-GraduationDesign.a */ = {isa = PBXFileReference; explicitFileType = archive.ar; includeInIndex = 0; path = "libPods-GraduationDesign.a"; sourceTree = BUILT_PRODUCTS_DIR; };
		5E11D3ED23E73D2F005EDF87 /* WFLiveViewController.h */ = {isa = PBXFileReference; lastKnownFileType = sourcecode.c.h; path = WFLiveViewController.h; sourceTree = "<group>"; };
		5E11D3EE23E73D2F005EDF87 /* WFLiveViewController.m */ = {isa = PBXFileReference; lastKnownFileType = sourcecode.c.objc; path = WFLiveViewController.m; sourceTree = "<group>"; };
		5E11D3F023E73E37005EDF87 /* WFLiveCollectionViewCell.h */ = {isa = PBXFileReference; lastKnownFileType = sourcecode.c.h; path = WFLiveCollectionViewCell.h; sourceTree = "<group>"; };
		5E11D3F123E73E37005EDF87 /* WFLiveCollectionViewCell.m */ = {isa = PBXFileReference; lastKnownFileType = sourcecode.c.objc; path = WFLiveCollectionViewCell.m; sourceTree = "<group>"; };
		5E1985912443BAE00047B76C /* WFHomeViewController.h */ = {isa = PBXFileReference; lastKnownFileType = sourcecode.c.h; name = WFHomeViewController.h; path = GraduationDesign/Discover/WFHomeViewController.h; sourceTree = SOURCE_ROOT; };
		5E1985922443BAE00047B76C /* WFHomeViewController.m */ = {isa = PBXFileReference; lastKnownFileType = sourcecode.c.objc; name = WFHomeViewController.m; path = GraduationDesign/Discover/WFHomeViewController.m; sourceTree = SOURCE_ROOT; };
		5E1985942443BC410047B76C /* WFVideoViewController.h */ = {isa = PBXFileReference; lastKnownFileType = sourcecode.c.h; path = WFVideoViewController.h; sourceTree = "<group>"; };
		5E1985952443BC410047B76C /* WFVideoViewController.m */ = {isa = PBXFileReference; lastKnownFileType = sourcecode.c.objc; path = WFVideoViewController.m; sourceTree = "<group>"; };
		5E1985972443BDE90047B76C /* WFShoppingCartViewController.h */ = {isa = PBXFileReference; lastKnownFileType = sourcecode.c.h; path = WFShoppingCartViewController.h; sourceTree = "<group>"; };
		5E1985982443BDE90047B76C /* WFShoppingCartViewController.m */ = {isa = PBXFileReference; lastKnownFileType = sourcecode.c.objc; path = WFShoppingCartViewController.m; sourceTree = "<group>"; };
		5E19859A2443CE000047B76C /* WFHomePageDataController.h */ = {isa = PBXFileReference; lastKnownFileType = sourcecode.c.h; path = WFHomePageDataController.h; sourceTree = "<group>"; };
		5E19859B2443CE000047B76C /* WFHomePageDataController.m */ = {isa = PBXFileReference; lastKnownFileType = sourcecode.c.objc; path = WFHomePageDataController.m; sourceTree = "<group>"; };
		5E1985A62444A9110047B76C /* WFResponseModel.h */ = {isa = PBXFileReference; lastKnownFileType = sourcecode.c.h; path = WFResponseModel.h; sourceTree = "<group>"; };
		5E1985A72444A9110047B76C /* WFResponseModel.m */ = {isa = PBXFileReference; lastKnownFileType = sourcecode.c.objc; path = WFResponseModel.m; sourceTree = "<group>"; };
		5E1985AC2444ADE20047B76C /* WFClothesModel.h */ = {isa = PBXFileReference; lastKnownFileType = sourcecode.c.h; path = WFClothesModel.h; sourceTree = "<group>"; };
		5E1985AD2444ADE20047B76C /* WFClothesModel.m */ = {isa = PBXFileReference; lastKnownFileType = sourcecode.c.objc; path = WFClothesModel.m; sourceTree = "<group>"; };
		5E1985AF2444AE150047B76C /* WFRemarkModel.h */ = {isa = PBXFileReference; lastKnownFileType = sourcecode.c.h; path = WFRemarkModel.h; sourceTree = "<group>"; };
		5E1985B02444AE150047B76C /* WFRemarkModel.m */ = {isa = PBXFileReference; lastKnownFileType = sourcecode.c.objc; path = WFRemarkModel.m; sourceTree = "<group>"; };
		5E1985B22444AE400047B76C /* WFHomePageResponseModel.h */ = {isa = PBXFileReference; lastKnownFileType = sourcecode.c.h; path = WFHomePageResponseModel.h; sourceTree = "<group>"; };
		5E1985B32444AE400047B76C /* WFHomePageResponseModel.m */ = {isa = PBXFileReference; lastKnownFileType = sourcecode.c.objc; path = WFHomePageResponseModel.m; sourceTree = "<group>"; };
		5E1985B82444EA7E0047B76C /* WFShoppingCartTableViewCell.h */ = {isa = PBXFileReference; lastKnownFileType = sourcecode.c.h; path = WFShoppingCartTableViewCell.h; sourceTree = "<group>"; };
		5E1985B92444EA7E0047B76C /* WFShoppingCartTableViewCell.m */ = {isa = PBXFileReference; lastKnownFileType = sourcecode.c.objc; path = WFShoppingCartTableViewCell.m; sourceTree = "<group>"; };
		5E1985BB2445B0050047B76C /* WFShoppingCartResponseModel.h */ = {isa = PBXFileReference; lastKnownFileType = sourcecode.c.h; path = WFShoppingCartResponseModel.h; sourceTree = "<group>"; };
		5E1985BC2445B0050047B76C /* WFShoppingCartResponseModel.m */ = {isa = PBXFileReference; lastKnownFileType = sourcecode.c.objc; path = WFShoppingCartResponseModel.m; sourceTree = "<group>"; };
		5E1985BF2445B0550047B76C /* WFShoppingCartDataController.h */ = {isa = PBXFileReference; lastKnownFileType = sourcecode.c.h; path = WFShoppingCartDataController.h; sourceTree = "<group>"; };
		5E1985C02445B0550047B76C /* WFShoppingCartDataController.m */ = {isa = PBXFileReference; lastKnownFileType = sourcecode.c.objc; path = WFShoppingCartDataController.m; sourceTree = "<group>"; };
		5E1985C52445BB310047B76C /* WFDataController.h */ = {isa = PBXFileReference; lastKnownFileType = sourcecode.c.h; path = WFDataController.h; sourceTree = "<group>"; };
		5E1985C62445BB310047B76C /* WFDataController.m */ = {isa = PBXFileReference; lastKnownFileType = sourcecode.c.objc; path = WFDataController.m; sourceTree = "<group>"; };
		5E1985C82445F3C40047B76C /* WFClothesAndNumModel.h */ = {isa = PBXFileReference; lastKnownFileType = sourcecode.c.h; path = WFClothesAndNumModel.h; sourceTree = "<group>"; };
		5E1985C92445F3C40047B76C /* WFClothesAndNumModel.m */ = {isa = PBXFileReference; lastKnownFileType = sourcecode.c.objc; path = WFClothesAndNumModel.m; sourceTree = "<group>"; };
		5E1985CB244656680047B76C /* WFMyHeaderCollectionReusableView.h */ = {isa = PBXFileReference; lastKnownFileType = sourcecode.c.h; path = WFMyHeaderCollectionReusableView.h; sourceTree = "<group>"; };
		5E1985CC244656680047B76C /* WFMyHeaderCollectionReusableView.m */ = {isa = PBXFileReference; lastKnownFileType = sourcecode.c.objc; path = WFMyHeaderCollectionReusableView.m; sourceTree = "<group>"; };
		5E1985CE24465FDB0047B76C /* WFSettingViewController.h */ = {isa = PBXFileReference; lastKnownFileType = sourcecode.c.h; path = WFSettingViewController.h; sourceTree = "<group>"; };
		5E1985CF24465FDB0047B76C /* WFSettingViewController.m */ = {isa = PBXFileReference; lastKnownFileType = sourcecode.c.objc; path = WFSettingViewController.m; sourceTree = "<group>"; };
		5E1985D1244662500047B76C /* WFSettingTableViewCell.h */ = {isa = PBXFileReference; lastKnownFileType = sourcecode.c.h; path = WFSettingTableViewCell.h; sourceTree = "<group>"; };
		5E1985D2244662500047B76C /* WFSettingTableViewCell.m */ = {isa = PBXFileReference; lastKnownFileType = sourcecode.c.objc; path = WFSettingTableViewCell.m; sourceTree = "<group>"; };
		5E1985D4244666A30047B76C /* WFModifyPersonalInfoViewController.h */ = {isa = PBXFileReference; lastKnownFileType = sourcecode.c.h; path = WFModifyPersonalInfoViewController.h; sourceTree = "<group>"; };
		5E1985D5244666A30047B76C /* WFModifyPersonalInfoViewController.m */ = {isa = PBXFileReference; lastKnownFileType = sourcecode.c.objc; path = WFModifyPersonalInfoViewController.m; sourceTree = "<group>"; };
		5E1985D7244666C30047B76C /* WFChangePasswordViewController.h */ = {isa = PBXFileReference; lastKnownFileType = sourcecode.c.h; path = WFChangePasswordViewController.h; sourceTree = "<group>"; };
		5E1985D8244666C30047B76C /* WFChangePasswordViewController.m */ = {isa = PBXFileReference; lastKnownFileType = sourcecode.c.objc; path = WFChangePasswordViewController.m; sourceTree = "<group>"; };
		5E6EA6F023F53B04009C69EF /* WFWaterFallCollectionViewLayout.h */ = {isa = PBXFileReference; lastKnownFileType = sourcecode.c.h; path = WFWaterFallCollectionViewLayout.h; sourceTree = "<group>"; };
		5E6EA6F123F53B04009C69EF /* WFWaterFallCollectionViewLayout.m */ = {isa = PBXFileReference; lastKnownFileType = sourcecode.c.objc; path = WFWaterFallCollectionViewLayout.m; sourceTree = "<group>"; };
		5E703953242E8C3800792F4D /* WFSearchViewController.h */ = {isa = PBXFileReference; lastKnownFileType = sourcecode.c.h; path = WFSearchViewController.h; sourceTree = "<group>"; };
		5E703954242E8C3800792F4D /* WFSearchViewController.m */ = {isa = PBXFileReference; lastKnownFileType = sourcecode.c.objc; path = WFSearchViewController.m; sourceTree = "<group>"; };
		5E703956242E8C5500792F4D /* WFSearchSuggestionViewController.h */ = {isa = PBXFileReference; lastKnownFileType = sourcecode.c.h; path = WFSearchSuggestionViewController.h; sourceTree = "<group>"; };
		5E703957242E8C5500792F4D /* WFSearchSuggestionViewController.m */ = {isa = PBXFileReference; lastKnownFileType = sourcecode.c.objc; path = WFSearchSuggestionViewController.m; sourceTree = "<group>"; };
		5E703959242E8E4400792F4D /* WFSearchResultViewController.h */ = {isa = PBXFileReference; lastKnownFileType = sourcecode.c.h; path = WFSearchResultViewController.h; sourceTree = "<group>"; };
		5E70395A242E8E4400792F4D /* WFSearchResultViewController.m */ = {isa = PBXFileReference; lastKnownFileType = sourcecode.c.objc; path = WFSearchResultViewController.m; sourceTree = "<group>"; };
		5E70395D242EA8F700792F4D /* WFSearchHistoryTableViewCell.h */ = {isa = PBXFileReference; lastKnownFileType = sourcecode.c.h; path = WFSearchHistoryTableViewCell.h; sourceTree = "<group>"; };
		5E70395E242EA8F700792F4D /* WFSearchHistoryTableViewCell.m */ = {isa = PBXFileReference; lastKnownFileType = sourcecode.c.objc; path = WFSearchHistoryTableViewCell.m; sourceTree = "<group>"; };
		5E703960242FE3D600792F4D /* WFShopCommonTableViewCell.h */ = {isa = PBXFileReference; lastKnownFileType = sourcecode.c.h; path = WFShopCommonTableViewCell.h; sourceTree = "<group>"; };
		5E703961242FE3D600792F4D /* WFShopCommonTableViewCell.m */ = {isa = PBXFileReference; lastKnownFileType = sourcecode.c.objc; path = WFShopCommonTableViewCell.m; sourceTree = "<group>"; };
		5E82F516243BC760009B9D5E /* WFCategoryCollectionViewCell.h */ = {isa = PBXFileReference; lastKnownFileType = sourcecode.c.h; path = WFCategoryCollectionViewCell.h; sourceTree = "<group>"; };
		5E82F517243BC760009B9D5E /* WFCategoryCollectionViewCell.m */ = {isa = PBXFileReference; lastKnownFileType = sourcecode.c.objc; path = WFCategoryCollectionViewCell.m; sourceTree = "<group>"; };
		5E988A5623BDCCE900EECE9E /* GraduationDesign.app */ = {isa = PBXFileReference; explicitFileType = wrapper.application; includeInIndex = 0; path = GraduationDesign.app; sourceTree = BUILT_PRODUCTS_DIR; };
		5E988A5923BDCCE900EECE9E /* AppDelegate.h */ = {isa = PBXFileReference; lastKnownFileType = sourcecode.c.h; path = AppDelegate.h; sourceTree = "<group>"; };
		5E988A5A23BDCCE900EECE9E /* AppDelegate.m */ = {isa = PBXFileReference; lastKnownFileType = sourcecode.c.objc; path = AppDelegate.m; sourceTree = "<group>"; };
		5E988A6523BDCCEC00EECE9E /* Assets.xcassets */ = {isa = PBXFileReference; lastKnownFileType = folder.assetcatalog; path = Assets.xcassets; sourceTree = "<group>"; };
		5E988A6823BDCCEC00EECE9E /* Base */ = {isa = PBXFileReference; lastKnownFileType = file.storyboard; name = Base; path = Base.lproj/LaunchScreen.storyboard; sourceTree = "<group>"; };
		5E988A6A23BDCCEC00EECE9E /* Info.plist */ = {isa = PBXFileReference; lastKnownFileType = text.plist.xml; path = Info.plist; sourceTree = "<group>"; };
		5E988A6B23BDCCEC00EECE9E /* main.m */ = {isa = PBXFileReference; lastKnownFileType = sourcecode.c.objc; path = main.m; sourceTree = "<group>"; };
		5E988A7123BDCCED00EECE9E /* GraduationDesignTests.xctest */ = {isa = PBXFileReference; explicitFileType = wrapper.cfbundle; includeInIndex = 0; path = GraduationDesignTests.xctest; sourceTree = BUILT_PRODUCTS_DIR; };
		5E988A7523BDCCED00EECE9E /* GraduationDesignTests.m */ = {isa = PBXFileReference; lastKnownFileType = sourcecode.c.objc; path = GraduationDesignTests.m; sourceTree = "<group>"; };
		5E988A7723BDCCED00EECE9E /* Info.plist */ = {isa = PBXFileReference; lastKnownFileType = text.plist.xml; path = Info.plist; sourceTree = "<group>"; };
		5E988A7C23BDCCEE00EECE9E /* GraduationDesignUITests.xctest */ = {isa = PBXFileReference; explicitFileType = wrapper.cfbundle; includeInIndex = 0; path = GraduationDesignUITests.xctest; sourceTree = BUILT_PRODUCTS_DIR; };
		5E988A8023BDCCEE00EECE9E /* GraduationDesignUITests.m */ = {isa = PBXFileReference; lastKnownFileType = sourcecode.c.objc; path = GraduationDesignUITests.m; sourceTree = "<group>"; };
		5E988A8223BDCCEE00EECE9E /* Info.plist */ = {isa = PBXFileReference; lastKnownFileType = text.plist.xml; path = Info.plist; sourceTree = "<group>"; };
		5EAF42B2243D1F8500CB45CB /* WFOrderCollectionViewCell.h */ = {isa = PBXFileReference; lastKnownFileType = sourcecode.c.h; path = WFOrderCollectionViewCell.h; sourceTree = "<group>"; };
		5EAF42B3243D1F8500CB45CB /* WFOrderCollectionViewCell.m */ = {isa = PBXFileReference; lastKnownFileType = sourcecode.c.objc; path = WFOrderCollectionViewCell.m; sourceTree = "<group>"; };
		5EAF42B5243D287600CB45CB /* WFOrderViewController.h */ = {isa = PBXFileReference; lastKnownFileType = sourcecode.c.h; path = WFOrderViewController.h; sourceTree = "<group>"; };
		5EAF42B6243D287600CB45CB /* WFOrderViewController.m */ = {isa = PBXFileReference; lastKnownFileType = sourcecode.c.objc; path = WFOrderViewController.m; sourceTree = "<group>"; };
		5EC4EF7723E0E21B000E4314 /* WFUserModel.h */ = {isa = PBXFileReference; lastKnownFileType = sourcecode.c.h; path = WFUserModel.h; sourceTree = "<group>"; };
		5EC4EF7823E0E21B000E4314 /* WFUserModel.m */ = {isa = PBXFileReference; lastKnownFileType = sourcecode.c.objc; path = WFUserModel.m; sourceTree = "<group>"; };
		5EC4EF7D23E31B58000E4314 /* WFTabBarController.h */ = {isa = PBXFileReference; lastKnownFileType = sourcecode.c.h; path = WFTabBarController.h; sourceTree = "<group>"; };
		5EC4EF7E23E31B58000E4314 /* WFTabBarController.m */ = {isa = PBXFileReference; lastKnownFileType = sourcecode.c.objc; path = WFTabBarController.m; sourceTree = "<group>"; };
		5EC4EF8923E32A8B000E4314 /* WFMyViewController.h */ = {isa = PBXFileReference; lastKnownFileType = sourcecode.c.h; path = WFMyViewController.h; sourceTree = "<group>"; };
		5EC4EF8A23E32A8B000E4314 /* WFMyViewController.m */ = {isa = PBXFileReference; lastKnownFileType = sourcecode.c.objc; path = WFMyViewController.m; sourceTree = "<group>"; };
		5EC4EF8C23E34D1B000E4314 /* WFTitleCollectionViewController.h */ = {isa = PBXFileReference; lastKnownFileType = sourcecode.c.h; path = WFTitleCollectionViewController.h; sourceTree = "<group>"; };
		5EC4EF8D23E34D1B000E4314 /* WFTitleCollectionViewController.m */ = {isa = PBXFileReference; lastKnownFileType = sourcecode.c.objc; path = WFTitleCollectionViewController.m; sourceTree = "<group>"; };
		5EC4EF8F23E34D3D000E4314 /* WFContentCollectionViewController.h */ = {isa = PBXFileReference; lastKnownFileType = sourcecode.c.h; path = WFContentCollectionViewController.h; sourceTree = "<group>"; };
		5EC4EF9023E34D3D000E4314 /* WFContentCollectionViewController.m */ = {isa = PBXFileReference; lastKnownFileType = sourcecode.c.objc; path = WFContentCollectionViewController.m; sourceTree = "<group>"; };
		5EC4EF9223E3544B000E4314 /* WFExternVar.h */ = {isa = PBXFileReference; lastKnownFileType = sourcecode.c.h; path = WFExternVar.h; sourceTree = "<group>"; };
		5EC4EF9323E359AF000E4314 /* WFTitleCollectionViewCell.h */ = {isa = PBXFileReference; lastKnownFileType = sourcecode.c.h; path = WFTitleCollectionViewCell.h; sourceTree = "<group>"; };
		5EC4EF9423E359AF000E4314 /* WFTitleCollectionViewCell.m */ = {isa = PBXFileReference; lastKnownFileType = sourcecode.c.objc; path = WFTitleCollectionViewCell.m; sourceTree = "<group>"; };
		5EC4EF9623E359BF000E4314 /* WFContentCollectionViewCell.h */ = {isa = PBXFileReference; lastKnownFileType = sourcecode.c.h; path = WFContentCollectionViewCell.h; sourceTree = "<group>"; };
		5EC4EF9723E359BF000E4314 /* WFContentCollectionViewCell.m */ = {isa = PBXFileReference; lastKnownFileType = sourcecode.c.objc; path = WFContentCollectionViewCell.m; sourceTree = "<group>"; };
		5ED48BCE2408273A0099B105 /* WFShopAdvertisementSectionController.h */ = {isa = PBXFileReference; lastKnownFileType = sourcecode.c.h; path = WFShopAdvertisementSectionController.h; sourceTree = "<group>"; };
		5ED48BCF2408273A0099B105 /* WFShopAdvertisementSectionController.m */ = {isa = PBXFileReference; lastKnownFileType = sourcecode.c.objc; path = WFShopAdvertisementSectionController.m; sourceTree = "<group>"; };
		5ED48BD12408275A0099B105 /* WFShopCategorySectionController.h */ = {isa = PBXFileReference; lastKnownFileType = sourcecode.c.h; path = WFShopCategorySectionController.h; sourceTree = "<group>"; };
		5ED48BD22408275A0099B105 /* WFShopCategorySectionController.m */ = {isa = PBXFileReference; lastKnownFileType = sourcecode.c.objc; path = WFShopCategorySectionController.m; sourceTree = "<group>"; };
		5ED48BD4240827DF0099B105 /* WFHotSearchSectionController.h */ = {isa = PBXFileReference; lastKnownFileType = sourcecode.c.h; path = WFHotSearchSectionController.h; sourceTree = "<group>"; };
		5ED48BD5240827DF0099B105 /* WFHotSearchSectionController.m */ = {isa = PBXFileReference; lastKnownFileType = sourcecode.c.objc; path = WFHotSearchSectionController.m; sourceTree = "<group>"; };
		5ED48BD9240828E80099B105 /* WFGoodsTableViewCell.h */ = {isa = PBXFileReference; lastKnownFileType = sourcecode.c.h; path = WFGoodsTableViewCell.h; sourceTree = "<group>"; };
		5ED48BDA240828E80099B105 /* WFGoodsTableViewCell.m */ = {isa = PBXFileReference; lastKnownFileType = sourcecode.c.objc; path = WFGoodsTableViewCell.m; sourceTree = "<group>"; };
		5EF27B9223F4597D00E59F63 /* WFDiscoverViewController.h */ = {isa = PBXFileReference; lastKnownFileType = sourcecode.c.h; path = WFDiscoverViewController.h; sourceTree = "<group>"; };
		5EF27B9323F4597D00E59F63 /* WFDiscoverViewController.m */ = {isa = PBXFileReference; lastKnownFileType = sourcecode.c.objc; path = WFDiscoverViewController.m; sourceTree = "<group>"; };
		AB9A79D524147DF388913206 /* Pods-GraduationDesign.release.xcconfig */ = {isa = PBXFileReference; includeInIndex = 1; lastKnownFileType = text.xcconfig; name = "Pods-GraduationDesign.release.xcconfig"; path = "Target Support Files/Pods-GraduationDesign/Pods-GraduationDesign.release.xcconfig"; sourceTree = "<group>"; };
/* End PBXFileReference section */

/* Begin PBXFrameworksBuildPhase section */
		5E988A5323BDCCE900EECE9E /* Frameworks */ = {
			isa = PBXFrameworksBuildPhase;
			buildActionMask = 2147483647;
			files = (
				4A29A754B8779F0844122718 /* libPods-GraduationDesign.a in Frameworks */,
			);
			runOnlyForDeploymentPostprocessing = 0;
		};
		5E988A6E23BDCCED00EECE9E /* Frameworks */ = {
			isa = PBXFrameworksBuildPhase;
			buildActionMask = 2147483647;
			files = (
			);
			runOnlyForDeploymentPostprocessing = 0;
		};
		5E988A7923BDCCEE00EECE9E /* Frameworks */ = {
			isa = PBXFrameworksBuildPhase;
			buildActionMask = 2147483647;
			files = (
			);
			runOnlyForDeploymentPostprocessing = 0;
		};
/* End PBXFrameworksBuildPhase section */

/* Begin PBXGroup section */
		0455047E8DF494FAB28BBCE6 /* Pods */ = {
			isa = PBXGroup;
			children = (
				24A6B0045E6AFBCD47DF1073 /* Pods-GraduationDesign.debug.xcconfig */,
				AB9A79D524147DF388913206 /* Pods-GraduationDesign.release.xcconfig */,
			);
			path = Pods;
			sourceTree = "<group>";
		};
		36DB47364033E42ED7DC017B /* Frameworks */ = {
			isa = PBXGroup;
			children = (
				24A973408DB8F2B63026B2FE /* libPods-GraduationDesign.a */,
			);
			name = Frameworks;
			sourceTree = "<group>";
		};
		5E1985882443B8550047B76C /* DataManager */ = {
			isa = PBXGroup;
			children = (
				5E19859A2443CE000047B76C /* WFHomePageDataController.h */,
				5E19859B2443CE000047B76C /* WFHomePageDataController.m */,
			);
			path = DataManager;
			sourceTree = "<group>";
		};
		5E19858F2443BA450047B76C /* Discover */ = {
			isa = PBXGroup;
			children = (
				5EC4EF7B23E218F0000E4314 /* view */,
				5E6EA45123F539F6009C69EF /* WaterFallLayout */,
				5E6EA45023F539DB009C69EF /* viewController */,
			);
			path = Discover;
			sourceTree = "<group>";
		};
		5E1985902443BA660047B76C /* Home */ = {
			isa = PBXGroup;
			children = (
				5E19859E2444A3A40047B76C /* Model */,
				5E1985882443B8550047B76C /* DataManager */,
				5ED48BD8240827FD0099B105 /* View */,
				5ED48BD7240827EF0099B105 /* ViewController */,
			);
			path = Home;
			sourceTree = "<group>";
		};
		5E19859D24448C820047B76C /* ShoppingCart */ = {
			isa = PBXGroup;
			children = (
				5E1985BE2445B0240047B76C /* Model */,
				5E1985B72444EA5C0047B76C /* DataController */,
				5E1985B62444EA560047B76C /* View */,
				5E1985B52444EA430047B76C /* ViewController */,
			);
			path = ShoppingCart;
			sourceTree = "<group>";
		};
		5E19859E2444A3A40047B76C /* Model */ = {
			isa = PBXGroup;
			children = (
				5E1985AC2444ADE20047B76C /* WFClothesModel.h */,
				5E1985AD2444ADE20047B76C /* WFClothesModel.m */,
				5E1985AF2444AE150047B76C /* WFRemarkModel.h */,
				5E1985B02444AE150047B76C /* WFRemarkModel.m */,
				5E1985B22444AE400047B76C /* WFHomePageResponseModel.h */,
				5E1985B32444AE400047B76C /* WFHomePageResponseModel.m */,
			);
			path = Model;
			sourceTree = "<group>";
		};
		5E1985A52444A8F20047B76C /* Common */ = {
			isa = PBXGroup;
			children = (
				5E1985A62444A9110047B76C /* WFResponseModel.h */,
				5E1985A72444A9110047B76C /* WFResponseModel.m */,
				5E1985C52445BB310047B76C /* WFDataController.h */,
				5E1985C62445BB310047B76C /* WFDataController.m */,
			);
			path = Common;
			sourceTree = "<group>";
		};
		5E1985B52444EA430047B76C /* ViewController */ = {
			isa = PBXGroup;
			children = (
				5E1985972443BDE90047B76C /* WFShoppingCartViewController.h */,
				5E1985982443BDE90047B76C /* WFShoppingCartViewController.m */,
			);
			path = ViewController;
			sourceTree = "<group>";
		};
		5E1985B62444EA560047B76C /* View */ = {
			isa = PBXGroup;
			children = (
				5E1985B82444EA7E0047B76C /* WFShoppingCartTableViewCell.h */,
				5E1985B92444EA7E0047B76C /* WFShoppingCartTableViewCell.m */,
			);
			path = View;
			sourceTree = "<group>";
		};
		5E1985B72444EA5C0047B76C /* DataController */ = {
			isa = PBXGroup;
			children = (
				5E1985BF2445B0550047B76C /* WFShoppingCartDataController.h */,
				5E1985C02445B0550047B76C /* WFShoppingCartDataController.m */,
			);
			path = DataController;
			sourceTree = "<group>";
		};
		5E1985BE2445B0240047B76C /* Model */ = {
			isa = PBXGroup;
			children = (
				5E1985BB2445B0050047B76C /* WFShoppingCartResponseModel.h */,
				5E1985BC2445B0050047B76C /* WFShoppingCartResponseModel.m */,
				5E1985C82445F3C40047B76C /* WFClothesAndNumModel.h */,
				5E1985C92445F3C40047B76C /* WFClothesAndNumModel.m */,
			);
			path = Model;
			sourceTree = "<group>";
		};
		5E6EA45023F539DB009C69EF /* viewController */ = {
			isa = PBXGroup;
			children = (
				5EC4EF8C23E34D1B000E4314 /* WFTitleCollectionViewController.h */,
				5EC4EF8D23E34D1B000E4314 /* WFTitleCollectionViewController.m */,
				5EC4EF8F23E34D3D000E4314 /* WFContentCollectionViewController.h */,
				5EC4EF9023E34D3D000E4314 /* WFContentCollectionViewController.m */,
				5E11D3ED23E73D2F005EDF87 /* WFLiveViewController.h */,
				5E11D3EE23E73D2F005EDF87 /* WFLiveViewController.m */,
				5EF27B9223F4597D00E59F63 /* WFDiscoverViewController.h */,
				5EF27B9323F4597D00E59F63 /* WFDiscoverViewController.m */,
				5E1985942443BC410047B76C /* WFVideoViewController.h */,
				5E1985952443BC410047B76C /* WFVideoViewController.m */,
			);
			path = viewController;
			sourceTree = "<group>";
		};
		5E6EA45123F539F6009C69EF /* WaterFallLayout */ = {
			isa = PBXGroup;
			children = (
				5E6EA6F023F53B04009C69EF /* WFWaterFallCollectionViewLayout.h */,
				5E6EA6F123F53B04009C69EF /* WFWaterFallCollectionViewLayout.m */,
			);
			path = WaterFallLayout;
			sourceTree = "<group>";
		};
		5E70394A242E899000792F4D /* ViewController */ = {
			isa = PBXGroup;
			children = (
				5EC4EF8923E32A8B000E4314 /* WFMyViewController.h */,
				5EC4EF8A23E32A8B000E4314 /* WFMyViewController.m */,
				5EAF42B5243D287600CB45CB /* WFOrderViewController.h */,
				5EAF42B6243D287600CB45CB /* WFOrderViewController.m */,
				5E1985CE24465FDB0047B76C /* WFSettingViewController.h */,
				5E1985CF24465FDB0047B76C /* WFSettingViewController.m */,
				5E1985D4244666A30047B76C /* WFModifyPersonalInfoViewController.h */,
				5E1985D5244666A30047B76C /* WFModifyPersonalInfoViewController.m */,
				5E1985D7244666C30047B76C /* WFChangePasswordViewController.h */,
				5E1985D8244666C30047B76C /* WFChangePasswordViewController.m */,
			);
			path = ViewController;
			sourceTree = "<group>";
		};
		5E70394B242E8AA700792F4D /* Search */ = {
			isa = PBXGroup;
			children = (
				5E70395C242EA8DC00792F4D /* View */,
				5E70394F242E8BA100792F4D /* ViewController */,
			);
			path = Search;
			sourceTree = "<group>";
		};
		5E70394F242E8BA100792F4D /* ViewController */ = {
			isa = PBXGroup;
			children = (
				5E703953242E8C3800792F4D /* WFSearchViewController.h */,
				5E703954242E8C3800792F4D /* WFSearchViewController.m */,
				5E703956242E8C5500792F4D /* WFSearchSuggestionViewController.h */,
				5E703957242E8C5500792F4D /* WFSearchSuggestionViewController.m */,
				5E703959242E8E4400792F4D /* WFSearchResultViewController.h */,
				5E70395A242E8E4400792F4D /* WFSearchResultViewController.m */,
			);
			path = ViewController;
			sourceTree = "<group>";
		};
		5E70395C242EA8DC00792F4D /* View */ = {
			isa = PBXGroup;
			children = (
				5E70395D242EA8F700792F4D /* WFSearchHistoryTableViewCell.h */,
				5E70395E242EA8F700792F4D /* WFSearchHistoryTableViewCell.m */,
			);
			path = View;
			sourceTree = "<group>";
		};
		5E988A4D23BDCCE800EECE9E = {
			isa = PBXGroup;
			children = (
				5E988A5823BDCCE900EECE9E /* GraduationDesign */,
				5E988A7423BDCCED00EECE9E /* GraduationDesignTests */,
				5E988A7F23BDCCEE00EECE9E /* GraduationDesignUITests */,
				5E988A5723BDCCE900EECE9E /* Products */,
				0455047E8DF494FAB28BBCE6 /* Pods */,
				36DB47364033E42ED7DC017B /* Frameworks */,
			);
			sourceTree = "<group>";
		};
		5E988A5723BDCCE900EECE9E /* Products */ = {
			isa = PBXGroup;
			children = (
				5E988A5623BDCCE900EECE9E /* GraduationDesign.app */,
				5E988A7123BDCCED00EECE9E /* GraduationDesignTests.xctest */,
				5E988A7C23BDCCEE00EECE9E /* GraduationDesignUITests.xctest */,
			);
			name = Products;
			sourceTree = "<group>";
		};
		5E988A5823BDCCE900EECE9E /* GraduationDesign */ = {
			isa = PBXGroup;
			children = (
				5E1985A52444A8F20047B76C /* Common */,
				5E19859D24448C820047B76C /* ShoppingCart */,
				5E1985902443BA660047B76C /* Home */,
				5E19858F2443BA450047B76C /* Discover */,
				5E70394B242E8AA700792F4D /* Search */,
				5EF27B9123F4591300E59F63 /* Util */,
				5EF27B9023F458DE00E59F63 /* My */,
				5E988A5923BDCCE900EECE9E /* AppDelegate.h */,
				5E988A5A23BDCCE900EECE9E /* AppDelegate.m */,
				5EC4EF7D23E31B58000E4314 /* WFTabBarController.h */,
				5EC4EF7E23E31B58000E4314 /* WFTabBarController.m */,
				5E988A6523BDCCEC00EECE9E /* Assets.xcassets */,
				5E988A6723BDCCEC00EECE9E /* LaunchScreen.storyboard */,
				5E988A6A23BDCCEC00EECE9E /* Info.plist */,
				5E988A6B23BDCCEC00EECE9E /* main.m */,
			);
			path = GraduationDesign;
			sourceTree = "<group>";
		};
		5E988A7423BDCCED00EECE9E /* GraduationDesignTests */ = {
			isa = PBXGroup;
			children = (
				5E988A7523BDCCED00EECE9E /* GraduationDesignTests.m */,
				5E988A7723BDCCED00EECE9E /* Info.plist */,
			);
			path = GraduationDesignTests;
			sourceTree = "<group>";
		};
		5E988A7F23BDCCEE00EECE9E /* GraduationDesignUITests */ = {
			isa = PBXGroup;
			children = (
				5E988A8023BDCCEE00EECE9E /* GraduationDesignUITests.m */,
				5E988A8223BDCCEE00EECE9E /* Info.plist */,
			);
			path = GraduationDesignUITests;
			sourceTree = "<group>";
		};
		5EAF42B1243D1EC400CB45CB /* View */ = {
			isa = PBXGroup;
			children = (
				5EAF42B2243D1F8500CB45CB /* WFOrderCollectionViewCell.h */,
				5EAF42B3243D1F8500CB45CB /* WFOrderCollectionViewCell.m */,
				5E1985CB244656680047B76C /* WFMyHeaderCollectionReusableView.h */,
				5E1985CC244656680047B76C /* WFMyHeaderCollectionReusableView.m */,
				5E1985D1244662500047B76C /* WFSettingTableViewCell.h */,
				5E1985D2244662500047B76C /* WFSettingTableViewCell.m */,
			);
			path = View;
			sourceTree = "<group>";
		};
		5EC4EF7623E0E1DC000E4314 /* model */ = {
			isa = PBXGroup;
			children = (
				5EC4EF7723E0E21B000E4314 /* WFUserModel.h */,
				5EC4EF7823E0E21B000E4314 /* WFUserModel.m */,
			);
			path = model;
			sourceTree = "<group>";
		};
		5EC4EF7B23E218F0000E4314 /* view */ = {
			isa = PBXGroup;
			children = (
				5EC4EF9323E359AF000E4314 /* WFTitleCollectionViewCell.h */,
				5EC4EF9423E359AF000E4314 /* WFTitleCollectionViewCell.m */,
				5EC4EF9623E359BF000E4314 /* WFContentCollectionViewCell.h */,
				5EC4EF9723E359BF000E4314 /* WFContentCollectionViewCell.m */,
				5E11D3F023E73E37005EDF87 /* WFLiveCollectionViewCell.h */,
				5E11D3F123E73E37005EDF87 /* WFLiveCollectionViewCell.m */,
			);
			path = view;
			sourceTree = "<group>";
		};
		5ED48BD7240827EF0099B105 /* ViewController */ = {
			isa = PBXGroup;
			children = (
				5ED48BCE2408273A0099B105 /* WFShopAdvertisementSectionController.h */,
				5ED48BCF2408273A0099B105 /* WFShopAdvertisementSectionController.m */,
				5ED48BD12408275A0099B105 /* WFShopCategorySectionController.h */,
				5ED48BD22408275A0099B105 /* WFShopCategorySectionController.m */,
				5ED48BD4240827DF0099B105 /* WFHotSearchSectionController.h */,
				5ED48BD5240827DF0099B105 /* WFHotSearchSectionController.m */,
				5E1985912443BAE00047B76C /* WFHomeViewController.h */,
				5E1985922443BAE00047B76C /* WFHomeViewController.m */,
			);
			path = ViewController;
			sourceTree = "<group>";
		};
		5ED48BD8240827FD0099B105 /* View */ = {
			isa = PBXGroup;
			children = (
				5ED48BD9240828E80099B105 /* WFGoodsTableViewCell.h */,
				5ED48BDA240828E80099B105 /* WFGoodsTableViewCell.m */,
				5E703960242FE3D600792F4D /* WFShopCommonTableViewCell.h */,
				5E703961242FE3D600792F4D /* WFShopCommonTableViewCell.m */,
				5E82F516243BC760009B9D5E /* WFCategoryCollectionViewCell.h */,
				5E82F517243BC760009B9D5E /* WFCategoryCollectionViewCell.m */,
			);
			path = View;
			sourceTree = "<group>";
		};
		5EF27B9023F458DE00E59F63 /* My */ = {
			isa = PBXGroup;
			children = (
				5EAF42B1243D1EC400CB45CB /* View */,
				5E70394A242E899000792F4D /* ViewController */,
				5EC4EF7623E0E1DC000E4314 /* model */,
			);
			path = My;
			sourceTree = "<group>";
		};
		5EF27B9123F4591300E59F63 /* Util */ = {
			isa = PBXGroup;
			children = (
				5EC4EF9223E3544B000E4314 /* WFExternVar.h */,
			);
			path = Util;
			sourceTree = "<group>";
		};
/* End PBXGroup section */

/* Begin PBXNativeTarget section */
		5E988A5523BDCCE900EECE9E /* GraduationDesign */ = {
			isa = PBXNativeTarget;
			buildConfigurationList = 5E988A8523BDCCEE00EECE9E /* Build configuration list for PBXNativeTarget "GraduationDesign" */;
			buildPhases = (
				F36769B34D6F36D61DDA0C26 /* [CP] Check Pods Manifest.lock */,
				5E988A5223BDCCE900EECE9E /* Sources */,
				5E988A5323BDCCE900EECE9E /* Frameworks */,
				5E988A5423BDCCE900EECE9E /* Resources */,
				7EDC7188DDBBC74FEDF3EF96 /* [CP] Copy Pods Resources */,
			);
			buildRules = (
			);
			dependencies = (
			);
			name = GraduationDesign;
			productName = GraduationDesign;
			productReference = 5E988A5623BDCCE900EECE9E /* GraduationDesign.app */;
			productType = "com.apple.product-type.application";
		};
		5E988A7023BDCCED00EECE9E /* GraduationDesignTests */ = {
			isa = PBXNativeTarget;
			buildConfigurationList = 5E988A8823BDCCEE00EECE9E /* Build configuration list for PBXNativeTarget "GraduationDesignTests" */;
			buildPhases = (
				5E988A6D23BDCCED00EECE9E /* Sources */,
				5E988A6E23BDCCED00EECE9E /* Frameworks */,
				5E988A6F23BDCCED00EECE9E /* Resources */,
			);
			buildRules = (
			);
			dependencies = (
				5E988A7323BDCCED00EECE9E /* PBXTargetDependency */,
			);
			name = GraduationDesignTests;
			productName = GraduationDesignTests;
			productReference = 5E988A7123BDCCED00EECE9E /* GraduationDesignTests.xctest */;
			productType = "com.apple.product-type.bundle.unit-test";
		};
		5E988A7B23BDCCEE00EECE9E /* GraduationDesignUITests */ = {
			isa = PBXNativeTarget;
			buildConfigurationList = 5E988A8B23BDCCEE00EECE9E /* Build configuration list for PBXNativeTarget "GraduationDesignUITests" */;
			buildPhases = (
				5E988A7823BDCCEE00EECE9E /* Sources */,
				5E988A7923BDCCEE00EECE9E /* Frameworks */,
				5E988A7A23BDCCEE00EECE9E /* Resources */,
			);
			buildRules = (
			);
			dependencies = (
				5E988A7E23BDCCEE00EECE9E /* PBXTargetDependency */,
			);
			name = GraduationDesignUITests;
			productName = GraduationDesignUITests;
			productReference = 5E988A7C23BDCCEE00EECE9E /* GraduationDesignUITests.xctest */;
			productType = "com.apple.product-type.bundle.ui-testing";
		};
/* End PBXNativeTarget section */

/* Begin PBXProject section */
		5E988A4E23BDCCE800EECE9E /* Project object */ = {
			isa = PBXProject;
			attributes = {
				LastUpgradeCheck = 1130;
				ORGANIZATIONNAME = wufeng;
				TargetAttributes = {
					5E988A5523BDCCE900EECE9E = {
						CreatedOnToolsVersion = 11.3;
					};
					5E988A7023BDCCED00EECE9E = {
						CreatedOnToolsVersion = 11.3;
						TestTargetID = 5E988A5523BDCCE900EECE9E;
					};
					5E988A7B23BDCCEE00EECE9E = {
						CreatedOnToolsVersion = 11.3;
						TestTargetID = 5E988A5523BDCCE900EECE9E;
					};
				};
			};
			buildConfigurationList = 5E988A5123BDCCE800EECE9E /* Build configuration list for PBXProject "GraduationDesign" */;
			compatibilityVersion = "Xcode 9.3";
			developmentRegion = en;
			hasScannedForEncodings = 0;
			knownRegions = (
				en,
				Base,
			);
			mainGroup = 5E988A4D23BDCCE800EECE9E;
			productRefGroup = 5E988A5723BDCCE900EECE9E /* Products */;
			projectDirPath = "";
			projectRoot = "";
			targets = (
				5E988A5523BDCCE900EECE9E /* GraduationDesign */,
				5E988A7023BDCCED00EECE9E /* GraduationDesignTests */,
				5E988A7B23BDCCEE00EECE9E /* GraduationDesignUITests */,
			);
		};
/* End PBXProject section */

/* Begin PBXResourcesBuildPhase section */
		5E988A5423BDCCE900EECE9E /* Resources */ = {
			isa = PBXResourcesBuildPhase;
			buildActionMask = 2147483647;
			files = (
				5E988A6923BDCCEC00EECE9E /* LaunchScreen.storyboard in Resources */,
				5E988A6623BDCCEC00EECE9E /* Assets.xcassets in Resources */,
			);
			runOnlyForDeploymentPostprocessing = 0;
		};
		5E988A6F23BDCCED00EECE9E /* Resources */ = {
			isa = PBXResourcesBuildPhase;
			buildActionMask = 2147483647;
			files = (
			);
			runOnlyForDeploymentPostprocessing = 0;
		};
		5E988A7A23BDCCEE00EECE9E /* Resources */ = {
			isa = PBXResourcesBuildPhase;
			buildActionMask = 2147483647;
			files = (
			);
			runOnlyForDeploymentPostprocessing = 0;
		};
/* End PBXResourcesBuildPhase section */

/* Begin PBXShellScriptBuildPhase section */
		7EDC7188DDBBC74FEDF3EF96 /* [CP] Copy Pods Resources */ = {
			isa = PBXShellScriptBuildPhase;
			buildActionMask = 2147483647;
			files = (
			);
			inputFileListPaths = (
				"${PODS_ROOT}/Target Support Files/Pods-GraduationDesign/Pods-GraduationDesign-resources-${CONFIGURATION}-input-files.xcfilelist",
			);
			name = "[CP] Copy Pods Resources";
			outputFileListPaths = (
				"${PODS_ROOT}/Target Support Files/Pods-GraduationDesign/Pods-GraduationDesign-resources-${CONFIGURATION}-output-files.xcfilelist",
			);
			runOnlyForDeploymentPostprocessing = 0;
			shellPath = /bin/sh;
			shellScript = "\"${PODS_ROOT}/Target Support Files/Pods-GraduationDesign/Pods-GraduationDesign-resources.sh\"\n";
			showEnvVarsInLog = 0;
		};
		F36769B34D6F36D61DDA0C26 /* [CP] Check Pods Manifest.lock */ = {
			isa = PBXShellScriptBuildPhase;
			buildActionMask = 2147483647;
			files = (
			);
			inputFileListPaths = (
			);
			inputPaths = (
				"${PODS_PODFILE_DIR_PATH}/Podfile.lock",
				"${PODS_ROOT}/Manifest.lock",
			);
			name = "[CP] Check Pods Manifest.lock";
			outputFileListPaths = (
			);
			outputPaths = (
				"$(DERIVED_FILE_DIR)/Pods-GraduationDesign-checkManifestLockResult.txt",
			);
			runOnlyForDeploymentPostprocessing = 0;
			shellPath = /bin/sh;
			shellScript = "diff \"${PODS_PODFILE_DIR_PATH}/Podfile.lock\" \"${PODS_ROOT}/Manifest.lock\" > /dev/null\nif [ $? != 0 ] ; then\n    # print error to STDERR\n    echo \"error: The sandbox is not in sync with the Podfile.lock. Run 'pod install' or update your CocoaPods installation.\" >&2\n    exit 1\nfi\n# This output is used by Xcode 'outputs' to avoid re-running this script phase.\necho \"SUCCESS\" > \"${SCRIPT_OUTPUT_FILE_0}\"\n";
			showEnvVarsInLog = 0;
		};
/* End PBXShellScriptBuildPhase section */

/* Begin PBXSourcesBuildPhase section */
		5E988A5223BDCCE900EECE9E /* Sources */ = {
			isa = PBXSourcesBuildPhase;
			buildActionMask = 2147483647;
			files = (
				5E1985BA2444EA7E0047B76C /* WFShoppingCartTableViewCell.m in Sources */,
				5E6EA6F223F53B04009C69EF /* WFWaterFallCollectionViewLayout.m in Sources */,
				5E1985C12445B0550047B76C /* WFShoppingCartDataController.m in Sources */,
				5ED48BDB240828E80099B105 /* WFGoodsTableViewCell.m in Sources */,
				5EF27B9423F4597D00E59F63 /* WFDiscoverViewController.m in Sources */,
				5ED48BD6240827DF0099B105 /* WFHotSearchSectionController.m in Sources */,
				5E1985D024465FDB0047B76C /* WFSettingViewController.m in Sources */,
				5E19859C2443CE000047B76C /* WFHomePageDataController.m in Sources */,
				5E988A5B23BDCCE900EECE9E /* AppDelegate.m in Sources */,
				5E1985992443BDE90047B76C /* WFShoppingCartViewController.m in Sources */,
				5E703955242E8C3800792F4D /* WFSearchViewController.m in Sources */,
				5E1985A82444A9110047B76C /* WFResponseModel.m in Sources */,
				5EAF42B7243D287600CB45CB /* WFOrderViewController.m in Sources */,
				5E1985932443BAE00047B76C /* WFHomeViewController.m in Sources */,
				5EC4EF8E23E34D1B000E4314 /* WFTitleCollectionViewController.m in Sources */,
				5ED48BD02408273A0099B105 /* WFShopAdvertisementSectionController.m in Sources */,
				5EC4EF9523E359B0000E4314 /* WFTitleCollectionViewCell.m in Sources */,
				5EC4EF8B23E32A8B000E4314 /* WFMyViewController.m in Sources */,
				5EC4EF9123E34D3D000E4314 /* WFContentCollectionViewController.m in Sources */,
				5EC4EF7923E0E21C000E4314 /* WFUserModel.m in Sources */,
				5ED48BD32408275A0099B105 /* WFShopCategorySectionController.m in Sources */,
				5E1985D6244666A30047B76C /* WFModifyPersonalInfoViewController.m in Sources */,
				5EAF42B4243D1F8500CB45CB /* WFOrderCollectionViewCell.m in Sources */,
				5E1985B42444AE400047B76C /* WFHomePageResponseModel.m in Sources */,
				5EC4EF9823E359BF000E4314 /* WFContentCollectionViewCell.m in Sources */,
				5E703958242E8C5500792F4D /* WFSearchSuggestionViewController.m in Sources */,
				5E703962242FE3D600792F4D /* WFShopCommonTableViewCell.m in Sources */,
				5E1985D3244662500047B76C /* WFSettingTableViewCell.m in Sources */,
				5E1985B12444AE150047B76C /* WFRemarkModel.m in Sources */,
				5E70395F242EA8F700792F4D /* WFSearchHistoryTableViewCell.m in Sources */,
				5E1985962443BC410047B76C /* WFVideoViewController.m in Sources */,
				5E1985BD2445B0050047B76C /* WFShoppingCartResponseModel.m in Sources */,
				5E1985AE2444ADE20047B76C /* WFClothesModel.m in Sources */,
				5E82F518243BC760009B9D5E /* WFCategoryCollectionViewCell.m in Sources */,
				5E1985D9244666C30047B76C /* WFChangePasswordViewController.m in Sources */,
				5E1985C72445BB310047B76C /* WFDataController.m in Sources */,
				5E1985CA2445F3C40047B76C /* WFClothesAndNumModel.m in Sources */,
				5E1985CD244656680047B76C /* WFMyHeaderCollectionReusableView.m in Sources */,
				5E11D3F223E73E37005EDF87 /* WFLiveCollectionViewCell.m in Sources */,
				5EC4EF7F23E31B58000E4314 /* WFTabBarController.m in Sources */,
				5E988A6C23BDCCEC00EECE9E /* main.m in Sources */,
				5E70395B242E8E4400792F4D /* WFSearchResultViewController.m in Sources */,
				5E11D3EF23E73D2F005EDF87 /* WFLiveViewController.m in Sources */,
			);
			runOnlyForDeploymentPostprocessing = 0;
		};
		5E988A6D23BDCCED00EECE9E /* Sources */ = {
			isa = PBXSourcesBuildPhase;
			buildActionMask = 2147483647;
			files = (
				5E988A7623BDCCED00EECE9E /* GraduationDesignTests.m in Sources */,
			);
			runOnlyForDeploymentPostprocessing = 0;
		};
		5E988A7823BDCCEE00EECE9E /* Sources */ = {
			isa = PBXSourcesBuildPhase;
			buildActionMask = 2147483647;
			files = (
				5E988A8123BDCCEE00EECE9E /* GraduationDesignUITests.m in Sources */,
			);
			runOnlyForDeploymentPostprocessing = 0;
		};
/* End PBXSourcesBuildPhase section */

/* Begin PBXTargetDependency section */
		5E988A7323BDCCED00EECE9E /* PBXTargetDependency */ = {
			isa = PBXTargetDependency;
			target = 5E988A5523BDCCE900EECE9E /* GraduationDesign */;
			targetProxy = 5E988A7223BDCCED00EECE9E /* PBXContainerItemProxy */;
		};
		5E988A7E23BDCCEE00EECE9E /* PBXTargetDependency */ = {
			isa = PBXTargetDependency;
			target = 5E988A5523BDCCE900EECE9E /* GraduationDesign */;
			targetProxy = 5E988A7D23BDCCEE00EECE9E /* PBXContainerItemProxy */;
		};
/* End PBXTargetDependency section */

/* Begin PBXVariantGroup section */
		5E988A6723BDCCEC00EECE9E /* LaunchScreen.storyboard */ = {
			isa = PBXVariantGroup;
			children = (
				5E988A6823BDCCEC00EECE9E /* Base */,
			);
			name = LaunchScreen.storyboard;
			sourceTree = "<group>";
		};
/* End PBXVariantGroup section */

/* Begin XCBuildConfiguration section */
		5E988A8323BDCCEE00EECE9E /* Debug */ = {
			isa = XCBuildConfiguration;
			buildSettings = {
				ALWAYS_SEARCH_USER_PATHS = NO;
				CLANG_ANALYZER_NONNULL = YES;
				CLANG_ANALYZER_NUMBER_OBJECT_CONVERSION = YES_AGGRESSIVE;
				CLANG_CXX_LANGUAGE_STANDARD = "gnu++14";
				CLANG_CXX_LIBRARY = "libc++";
				CLANG_ENABLE_MODULES = YES;
				CLANG_ENABLE_OBJC_ARC = YES;
				CLANG_ENABLE_OBJC_WEAK = YES;
				CLANG_WARN_BLOCK_CAPTURE_AUTORELEASING = YES;
				CLANG_WARN_BOOL_CONVERSION = YES;
				CLANG_WARN_COMMA = YES;
				CLANG_WARN_CONSTANT_CONVERSION = YES;
				CLANG_WARN_DEPRECATED_OBJC_IMPLEMENTATIONS = YES;
				CLANG_WARN_DIRECT_OBJC_ISA_USAGE = YES_ERROR;
				CLANG_WARN_DOCUMENTATION_COMMENTS = YES;
				CLANG_WARN_EMPTY_BODY = YES;
				CLANG_WARN_ENUM_CONVERSION = YES;
				CLANG_WARN_INFINITE_RECURSION = YES;
				CLANG_WARN_INT_CONVERSION = YES;
				CLANG_WARN_NON_LITERAL_NULL_CONVERSION = YES;
				CLANG_WARN_OBJC_IMPLICIT_RETAIN_SELF = YES;
				CLANG_WARN_OBJC_LITERAL_CONVERSION = YES;
				CLANG_WARN_OBJC_ROOT_CLASS = YES_ERROR;
				CLANG_WARN_RANGE_LOOP_ANALYSIS = YES;
				CLANG_WARN_STRICT_PROTOTYPES = YES;
				CLANG_WARN_SUSPICIOUS_MOVE = YES;
				CLANG_WARN_UNGUARDED_AVAILABILITY = YES_AGGRESSIVE;
				CLANG_WARN_UNREACHABLE_CODE = YES;
				CLANG_WARN__DUPLICATE_METHOD_MATCH = YES;
				COPY_PHASE_STRIP = NO;
				DEBUG_INFORMATION_FORMAT = dwarf;
				ENABLE_STRICT_OBJC_MSGSEND = YES;
				ENABLE_TESTABILITY = YES;
				GCC_C_LANGUAGE_STANDARD = gnu11;
				GCC_DYNAMIC_NO_PIC = NO;
				GCC_NO_COMMON_BLOCKS = YES;
				GCC_OPTIMIZATION_LEVEL = 0;
				GCC_PREPROCESSOR_DEFINITIONS = (
					"DEBUG=1",
					"$(inherited)",
				);
				GCC_WARN_64_TO_32_BIT_CONVERSION = YES;
				GCC_WARN_ABOUT_RETURN_TYPE = YES_ERROR;
				GCC_WARN_UNDECLARED_SELECTOR = YES;
				GCC_WARN_UNINITIALIZED_AUTOS = YES_AGGRESSIVE;
				GCC_WARN_UNUSED_FUNCTION = YES;
				GCC_WARN_UNUSED_VARIABLE = YES;
				IPHONEOS_DEPLOYMENT_TARGET = 13.2;
				MTL_ENABLE_DEBUG_INFO = INCLUDE_SOURCE;
				MTL_FAST_MATH = YES;
				ONLY_ACTIVE_ARCH = YES;
				SDKROOT = iphoneos;
			};
			name = Debug;
		};
		5E988A8423BDCCEE00EECE9E /* Release */ = {
			isa = XCBuildConfiguration;
			buildSettings = {
				ALWAYS_SEARCH_USER_PATHS = NO;
				CLANG_ANALYZER_NONNULL = YES;
				CLANG_ANALYZER_NUMBER_OBJECT_CONVERSION = YES_AGGRESSIVE;
				CLANG_CXX_LANGUAGE_STANDARD = "gnu++14";
				CLANG_CXX_LIBRARY = "libc++";
				CLANG_ENABLE_MODULES = YES;
				CLANG_ENABLE_OBJC_ARC = YES;
				CLANG_ENABLE_OBJC_WEAK = YES;
				CLANG_WARN_BLOCK_CAPTURE_AUTORELEASING = YES;
				CLANG_WARN_BOOL_CONVERSION = YES;
				CLANG_WARN_COMMA = YES;
				CLANG_WARN_CONSTANT_CONVERSION = YES;
				CLANG_WARN_DEPRECATED_OBJC_IMPLEMENTATIONS = YES;
				CLANG_WARN_DIRECT_OBJC_ISA_USAGE = YES_ERROR;
				CLANG_WARN_DOCUMENTATION_COMMENTS = YES;
				CLANG_WARN_EMPTY_BODY = YES;
				CLANG_WARN_ENUM_CONVERSION = YES;
				CLANG_WARN_INFINITE_RECURSION = YES;
				CLANG_WARN_INT_CONVERSION = YES;
				CLANG_WARN_NON_LITERAL_NULL_CONVERSION = YES;
				CLANG_WARN_OBJC_IMPLICIT_RETAIN_SELF = YES;
				CLANG_WARN_OBJC_LITERAL_CONVERSION = YES;
				CLANG_WARN_OBJC_ROOT_CLASS = YES_ERROR;
				CLANG_WARN_RANGE_LOOP_ANALYSIS = YES;
				CLANG_WARN_STRICT_PROTOTYPES = YES;
				CLANG_WARN_SUSPICIOUS_MOVE = YES;
				CLANG_WARN_UNGUARDED_AVAILABILITY = YES_AGGRESSIVE;
				CLANG_WARN_UNREACHABLE_CODE = YES;
				CLANG_WARN__DUPLICATE_METHOD_MATCH = YES;
				COPY_PHASE_STRIP = NO;
				DEBUG_INFORMATION_FORMAT = "dwarf-with-dsym";
				ENABLE_NS_ASSERTIONS = NO;
				ENABLE_STRICT_OBJC_MSGSEND = YES;
				GCC_C_LANGUAGE_STANDARD = gnu11;
				GCC_NO_COMMON_BLOCKS = YES;
				GCC_WARN_64_TO_32_BIT_CONVERSION = YES;
				GCC_WARN_ABOUT_RETURN_TYPE = YES_ERROR;
				GCC_WARN_UNDECLARED_SELECTOR = YES;
				GCC_WARN_UNINITIALIZED_AUTOS = YES_AGGRESSIVE;
				GCC_WARN_UNUSED_FUNCTION = YES;
				GCC_WARN_UNUSED_VARIABLE = YES;
				IPHONEOS_DEPLOYMENT_TARGET = 13.2;
				MTL_ENABLE_DEBUG_INFO = NO;
				MTL_FAST_MATH = YES;
				SDKROOT = iphoneos;
				VALIDATE_PRODUCT = YES;
			};
			name = Release;
		};
		5E988A8623BDCCEE00EECE9E /* Debug */ = {
			isa = XCBuildConfiguration;
			baseConfigurationReference = 24A6B0045E6AFBCD47DF1073 /* Pods-GraduationDesign.debug.xcconfig */;
			buildSettings = {
				ASSETCATALOG_COMPILER_APPICON_NAME = AppIcon;
				CODE_SIGN_STYLE = Automatic;
				DEVELOPMENT_TEAM = 2F8YNC7V5V;
				INFOPLIST_FILE = GraduationDesign/Info.plist;
				LD_RUNPATH_SEARCH_PATHS = (
					"$(inherited)",
					"@executable_path/Frameworks",
				);
				PRODUCT_BUNDLE_IDENTIFIER = com.wufeng.graduation;
				PRODUCT_NAME = "$(TARGET_NAME)";
				TARGETED_DEVICE_FAMILY = "1,2";
			};
			name = Debug;
		};
		5E988A8723BDCCEE00EECE9E /* Release */ = {
			isa = XCBuildConfiguration;
			baseConfigurationReference = AB9A79D524147DF388913206 /* Pods-GraduationDesign.release.xcconfig */;
			buildSettings = {
				ASSETCATALOG_COMPILER_APPICON_NAME = AppIcon;
				CODE_SIGN_STYLE = Automatic;
				DEVELOPMENT_TEAM = 2F8YNC7V5V;
				INFOPLIST_FILE = GraduationDesign/Info.plist;
				LD_RUNPATH_SEARCH_PATHS = (
					"$(inherited)",
					"@executable_path/Frameworks",
				);
				PRODUCT_BUNDLE_IDENTIFIER = com.wufeng.graduation;
				PRODUCT_NAME = "$(TARGET_NAME)";
				TARGETED_DEVICE_FAMILY = "1,2";
			};
			name = Release;
		};
		5E988A8923BDCCEE00EECE9E /* Debug */ = {
			isa = XCBuildConfiguration;
			buildSettings = {
				BUNDLE_LOADER = "$(TEST_HOST)";
				CODE_SIGN_STYLE = Automatic;
				DEVELOPMENT_TEAM = 59S62UYRY8;
				INFOPLIST_FILE = GraduationDesignTests/Info.plist;
				IPHONEOS_DEPLOYMENT_TARGET = 13.2;
				LD_RUNPATH_SEARCH_PATHS = (
					"$(inherited)",
					"@executable_path/Frameworks",
					"@loader_path/Frameworks",
				);
				PRODUCT_BUNDLE_IDENTIFIER = com.wufeng.GraduationDesignTests;
				PRODUCT_NAME = "$(TARGET_NAME)";
				TARGETED_DEVICE_FAMILY = "1,2";
				TEST_HOST = "$(BUILT_PRODUCTS_DIR)/GraduationDesign.app/GraduationDesign";
			};
			name = Debug;
		};
		5E988A8A23BDCCEE00EECE9E /* Release */ = {
			isa = XCBuildConfiguration;
			buildSettings = {
				BUNDLE_LOADER = "$(TEST_HOST)";
				CODE_SIGN_STYLE = Automatic;
				DEVELOPMENT_TEAM = 59S62UYRY8;
				INFOPLIST_FILE = GraduationDesignTests/Info.plist;
				IPHONEOS_DEPLOYMENT_TARGET = 13.2;
				LD_RUNPATH_SEARCH_PATHS = (
					"$(inherited)",
					"@executable_path/Frameworks",
					"@loader_path/Frameworks",
				);
				PRODUCT_BUNDLE_IDENTIFIER = com.wufeng.GraduationDesignTests;
				PRODUCT_NAME = "$(TARGET_NAME)";
				TARGETED_DEVICE_FAMILY = "1,2";
				TEST_HOST = "$(BUILT_PRODUCTS_DIR)/GraduationDesign.app/GraduationDesign";
			};
			name = Release;
		};
		5E988A8C23BDCCEE00EECE9E /* Debug */ = {
			isa = XCBuildConfiguration;
			buildSettings = {
				CODE_SIGN_STYLE = Automatic;
				DEVELOPMENT_TEAM = 59S62UYRY8;
				INFOPLIST_FILE = GraduationDesignUITests/Info.plist;
				LD_RUNPATH_SEARCH_PATHS = (
					"$(inherited)",
					"@executable_path/Frameworks",
					"@loader_path/Frameworks",
				);
				PRODUCT_BUNDLE_IDENTIFIER = com.wufeng.GraduationDesignUITests;
				PRODUCT_NAME = "$(TARGET_NAME)";
				TARGETED_DEVICE_FAMILY = "1,2";
				TEST_TARGET_NAME = GraduationDesign;
			};
			name = Debug;
		};
		5E988A8D23BDCCEE00EECE9E /* Release */ = {
			isa = XCBuildConfiguration;
			buildSettings = {
				CODE_SIGN_STYLE = Automatic;
				DEVELOPMENT_TEAM = 59S62UYRY8;
				INFOPLIST_FILE = GraduationDesignUITests/Info.plist;
				LD_RUNPATH_SEARCH_PATHS = (
					"$(inherited)",
					"@executable_path/Frameworks",
					"@loader_path/Frameworks",
				);
				PRODUCT_BUNDLE_IDENTIFIER = com.wufeng.GraduationDesignUITests;
				PRODUCT_NAME = "$(TARGET_NAME)";
				TARGETED_DEVICE_FAMILY = "1,2";
				TEST_TARGET_NAME = GraduationDesign;
			};
			name = Release;
		};
/* End XCBuildConfiguration section */

/* Begin XCConfigurationList section */
		5E988A5123BDCCE800EECE9E /* Build configuration list for PBXProject "GraduationDesign" */ = {
			isa = XCConfigurationList;
			buildConfigurations = (
				5E988A8323BDCCEE00EECE9E /* Debug */,
				5E988A8423BDCCEE00EECE9E /* Release */,
			);
			defaultConfigurationIsVisible = 0;
			defaultConfigurationName = Release;
		};
		5E988A8523BDCCEE00EECE9E /* Build configuration list for PBXNativeTarget "GraduationDesign" */ = {
			isa = XCConfigurationList;
			buildConfigurations = (
				5E988A8623BDCCEE00EECE9E /* Debug */,
				5E988A8723BDCCEE00EECE9E /* Release */,
			);
			defaultConfigurationIsVisible = 0;
			defaultConfigurationName = Release;
		};
		5E988A8823BDCCEE00EECE9E /* Build configuration list for PBXNativeTarget "GraduationDesignTests" */ = {
			isa = XCConfigurationList;
			buildConfigurations = (
				5E988A8923BDCCEE00EECE9E /* Debug */,
				5E988A8A23BDCCEE00EECE9E /* Release */,
			);
			defaultConfigurationIsVisible = 0;
			defaultConfigurationName = Release;
		};
		5E988A8B23BDCCEE00EECE9E /* Build configuration list for PBXNativeTarget "GraduationDesignUITests" */ = {
			isa = XCConfigurationList;
			buildConfigurations = (
				5E988A8C23BDCCEE00EECE9E /* Debug */,
				5E988A8D23BDCCEE00EECE9E /* Release */,
			);
			defaultConfigurationIsVisible = 0;
			defaultConfigurationName = Release;
		};
/* End XCConfigurationList section */
	};
	rootObject = 5E988A4E23BDCCE800EECE9E /* Project object */;
}
